
Microsoft Visual Studio Solution File, Format Version 12.00
# Visual Studio 15
VisualStudioVersion = 15.0.28307.539
MinimumVisualStudioVersion = 10.0.40219.1
Project("{FAE04EC0-301F-11D3-BF4B-00C04F79EFBC}") = "CaterUI", "CaterUI\CaterUI.csproj", "{3CD3665E-613E-4DB1-8A54-6CD58341A1B1}"
EndProject
Project("{FAE04EC0-301F-11D3-BF4B-00C04F79EFBC}") = "CaterBll", "CaterBll\CaterBll.csproj", "{FD9ECC1D-B0F1-4737-8FFF-9CE3AC8E305B}"
EndProject
Project("{FAE04EC0-301F-11D3-BF4B-00C04F79EFBC}") = "CaterDal", "CaterDal\CaterDal.csproj", "{9120A8A7-9A89-479C-A5F0-AFD11FA68F13}"
EndProject
Project("{FAE04EC0-301F-11D3-BF4B-00C04F79EFBC}") = "CaterModel", "CaterModel\CaterModel.csproj", "{3DA54C58-29F2-45A4-9C1C-2BEC055CE094}"
EndProject
Project("{FAE04EC0-301F-11D3-BF4B-00C04F79EFBC}") = "CaterCommon", "CaterCommon\CaterCommon.csproj", "{4F425496-9354-4C20-9C4C-41D6778990CC}"
EndProject
Global
	GlobalSection(SolutionConfigurationPlatforms) = preSolution
		Debug|Any CPU = Debug|Any CPU
		Release|Any CPU = Release|Any CPU
	EndGlobalSection
	GlobalSection(ProjectConfigurationPlatforms) = postSolution
		{3CD3665E-613E-4DB1-8A54-6CD58341A1B1}.Debug|Any CPU.ActiveCfg = Debug|Any CPU
		{3CD3665E-613E-4DB1-8A54-6CD58341A1B1}.Debug|Any CPU.Build.0 = Debug|Any CPU
		{3CD3665E-613E-4DB1-8A54-6CD58341A1B1}.Release|Any CPU.ActiveCfg = Release|Any CPU
		{3CD3665E-613E-4DB1-8A54-6CD58341A1B1}.Release|Any CPU.Build.0 = Release|Any CPU
		{FD9ECC1D-B0F1-4737-8FFF-9CE3AC8E305B}.Debug|Any CPU.ActiveCfg = Debug|Any CPU
		{FD9ECC1D-B0F1-4737-8FFF-9CE3AC8E305B}.Debug|Any CPU.Build.0 = Debug|Any CPU
		{FD9ECC1D-B0F1-4737-8FFF-9CE3AC8E305B}.Release|Any CPU.ActiveCfg = Release|Any CPU
		{FD9ECC1D-B0F1-4737-8FFF-9CE3AC8E305B}.Release|Any CPU.Build.0 = Release|Any CPU
		{9120A8A7-9A89-479C-A5F0-AFD11FA68F13}.Debug|Any CPU.ActiveCfg = Debug|Any CPU
		{9120A8A7-9A89-479C-A5F0-AFD11FA68F13}.Debug|Any CPU.Build.0 = Debug|Any CPU
		{9120A8A7-9A89-479C-A5F0-AFD11FA68F13}.Release|Any CPU.ActiveCfg = Release|Any CPU
		{9120A8A7-9A89-479C-A5F0-AFD11FA68F13}.Release|Any CPU.Build.0 = Release|Any CPU
		{3DA54C58-29F2-45A4-9C1C-2BEC055CE094}.Debug|Any CPU.ActiveCfg = Debug|Any CPU
		{3DA54C58-29F2-45A4-9C1C-2BEC055CE094}.Debug|Any CPU.Build.0 = Debug|Any CPU
		{3DA54C58-29F2-45A4-9C1C-2BEC055CE094}.Release|Any CPU.ActiveCfg = Release|Any CPU
		{3DA54C58-29F2-45A4-9C1C-2BEC055CE094}.Release|Any CPU.Build.0 = Release|Any CPU
		{4F425496-9354-4C20-9C4C-41D6778990CC}.Debug|Any CPU.ActiveCfg = Debug|Any CPU
		{4F425496-9354-4C20-9C4C-41D6778990CC}.Debug|Any CPU.Build.0 = Debug|Any CPU
		{4F425496-9354-4C20-9C4C-41D6778990CC}.Release|Any CPU.ActiveCfg = Release|Any CPU
		{4F425496-9354-4C20-9C4C-41D6778990CC}.Release|Any CPU.Build.0 = Release|Any CPU
	EndGlobalSection
	GlobalSection(SolutionProperties) = preSolution
		HideSolutionNode = FALSE
	EndGlobalSection
	GlobalSection(ExtensibilityGlobals) = postSolution
		SolutionGuid = {742D7D0F-6EFB-4318-9D69-D69F13423D5A}
	EndGlobalSection
EndGlobal
